
Microsoft Visual Studio Solution File, Format Version 12.00
# Visual Studio Version 17
VisualStudioVersion = 17.3.32811.315
MinimumVisualStudioVersion = 10.0.40219.1
Project("{FAE04EC0-301F-11D3-BF4B-00C04F79EFBC}") = "ProfGrade", "ProfGrade\ProfGrade.csproj", "{887E1359-FB18-4886-9FF8-7ACF4CAEDB3C}"
EndProject
Global
	GlobalSection(SolutionConfigurationPlatforms) = preSolution
		Debug|Any CPU = Debug|Any CPU
		Release|Any CPU = Release|Any CPU
	EndGlobalSection
	GlobalSection(ProjectConfigurationPlatforms) = postSolution
		{887E1359-FB18-4886-9FF8-7ACF4CAEDB3C}.Debug|Any CPU.ActiveCfg = Debug|Any CPU
		{887E1359-FB18-4886-9FF8-7ACF4CAEDB3C}.Debug|Any CPU.Build.0 = Debug|Any CPU
		{887E1359-FB18-4886-9FF8-7ACF4CAEDB3C}.Release|Any CPU.ActiveCfg = Release|Any CPU
		{887E1359-FB18-4886-9FF8-7ACF4CAEDB3C}.Release|Any CPU.Build.0 = Release|Any CPU
	EndGlobalSection
	GlobalSection(SolutionProperties) = preSolution
		HideSolutionNode = FALSE
	EndGlobalSection
	GlobalSection(ExtensibilityGlobals) = postSolution
		SolutionGuid = {121FCEB9-FC63-41E7-A257-594ECBB81736}
	EndGlobalSection
EndGlobal
